{
  "name": "windows-interact",
  "version": "1.1.7",
  "lockfileVersion": 1,
  "requires": true,
  "dependencies": {
    "jquery": {
      "version": "3.3.1",
      "resolved": "https://registry.npmjs.org/jquery/-/jquery-3.3.1.tgz",
      "integrity": "sha512-Ubldcmxp5np52/ENotGxlLe6aGMvmF4R8S6tZjsP6Knsaxd/xp3Zrh50cG93lR6nPXyUFwzN3ZSOQI0wRJNdGg=="
    },
    "one-time": {
      "version": "0.0.4",
      "resolved": "https://registry.npmjs.org/one-time/-/one-time-0.0.4.tgz",
      "integrity": "sha1-+M33eISCb+Tf+T46nMN7HkSAdC4="
    },
    "q": {
      "version": "0.9.7",
      "resolved": "https://registry.npmjs.org/q/-/q-0.9.7.tgz",
      "integrity": "sha1-TeLmyzspCIyeTLwDv51C+5bOL3U="
    },
    "requestify": {
      "version": "0.2.5",
      "resolved": "https://registry.npmjs.org/requestify/-/requestify-0.2.5.tgz",
      "integrity": "sha1-gCSfHKff33n6KmBIrqw31D4jyQU=",
      "requires": {
        "jquery": "^3.1.0",
        "q": "^0.9.7",
        "underscore": "^1.8.3"
      }
    },
    "say": {
      "version": "0.15.0",
      "resolved": "https://registry.npmjs.org/say/-/say-0.15.0.tgz",
      "integrity": "sha512-X/vJ/ETDUnU0WZVJ1HA6AHzJJzT0PvFuZyThJ76wkqwsgcgvqJVH3tf+EqHdDBgANdYUEEmqzYo6I31cvT08pQ==",
      "requires": {
        "one-time": "0.0.4"
      }
    },
    "underscore": {
      "version": "1.9.0",
      "resolved": "https://registry.npmjs.org/underscore/-/underscore-1.9.0.tgz",
      "integrity": "sha512-4IV1DSSxC1QK48j9ONFK1MoIAKKkbE8i7u55w2R6IqBqbT7A/iG7aZBCR2Bi8piF0Uz+i/MG1aeqLwl/5vqF+A=="
    }
  }
}
